
Microsoft Visual Studio Solution File, Format Version 12.00
# Visual Studio Version 17
VisualStudioVersion = 17.3.32922.545
MinimumVisualStudioVersion = 10.0.40219.1
Project("{FAE04EC0-301F-11D3-BF4B-00C04F79EFBC}") = "Clase 13", "Clase 13\Clase 13.csproj", "{934300C2-2308-46BE-8071-F5C002832237}"
EndProject
Global
	GlobalSection(SolutionConfigurationPlatforms) = preSolution
		Debug|Any CPU = Debug|Any CPU
		Release|Any CPU = Release|Any CPU
	EndGlobalSection
	GlobalSection(ProjectConfigurationPlatforms) = postSolution
		{934300C2-2308-46BE-8071-F5C002832237}.Debug|Any CPU.ActiveCfg = Debug|Any CPU
		{934300C2-2308-46BE-8071-F5C002832237}.Debug|Any CPU.Build.0 = Debug|Any CPU
		{934300C2-2308-46BE-8071-F5C002832237}.Release|Any CPU.ActiveCfg = Release|Any CPU
		{934300C2-2308-46BE-8071-F5C002832237}.Release|Any CPU.Build.0 = Release|Any CPU
	EndGlobalSection
	GlobalSection(SolutionProperties) = preSolution
		HideSolutionNode = FALSE
	EndGlobalSection
	GlobalSection(ExtensibilityGlobals) = postSolution
		SolutionGuid = {76957691-1BCC-45C2-9D13-12340A6E806D}
	EndGlobalSection
EndGlobal
