
Microsoft Visual Studio Solution File, Format Version 12.00
# Visual Studio Version 17
VisualStudioVersion = 17.1.32421.90
MinimumVisualStudioVersion = 10.0.40219.1
Project("{FAE04EC0-301F-11D3-BF4B-00C04F79EFBC}") = "Clase 3", "Clase 3.csproj", "{1CD7E900-8669-4B18-B0BD-F4BF9F6380F6}"
EndProject
Global
	GlobalSection(SolutionConfigurationPlatforms) = preSolution
		Debug|Any CPU = Debug|Any CPU
		Release|Any CPU = Release|Any CPU
	EndGlobalSection
	GlobalSection(ProjectConfigurationPlatforms) = postSolution
		{1CD7E900-8669-4B18-B0BD-F4BF9F6380F6}.Debug|Any CPU.ActiveCfg = Debug|Any CPU
		{1CD7E900-8669-4B18-B0BD-F4BF9F6380F6}.Debug|Any CPU.Build.0 = Debug|Any CPU
		{1CD7E900-8669-4B18-B0BD-F4BF9F6380F6}.Release|Any CPU.ActiveCfg = Release|Any CPU
		{1CD7E900-8669-4B18-B0BD-F4BF9F6380F6}.Release|Any CPU.Build.0 = Release|Any CPU
	EndGlobalSection
	GlobalSection(SolutionProperties) = preSolution
		HideSolutionNode = FALSE
	EndGlobalSection
	GlobalSection(ExtensibilityGlobals) = postSolution
		SolutionGuid = {D4251B2D-3029-4A23-8DB5-9556F114BA7F}
	EndGlobalSection
EndGlobal
