
Microsoft Visual Studio Solution File, Format Version 12.00
# Visual Studio Version 17
VisualStudioVersion = 17.1.32421.90
MinimumVisualStudioVersion = 10.0.40219.1
Project("{FAE04EC0-301F-11D3-BF4B-00C04F79EFBC}") = "Tarea Clase 5", "Tarea Clase 5.csproj", "{86299449-8863-4A21-B164-923598CD66A4}"
EndProject
Global
	GlobalSection(SolutionConfigurationPlatforms) = preSolution
		Debug|Any CPU = Debug|Any CPU
		Release|Any CPU = Release|Any CPU
	EndGlobalSection
	GlobalSection(ProjectConfigurationPlatforms) = postSolution
		{86299449-8863-4A21-B164-923598CD66A4}.Debug|Any CPU.ActiveCfg = Debug|Any CPU
		{86299449-8863-4A21-B164-923598CD66A4}.Debug|Any CPU.Build.0 = Debug|Any CPU
		{86299449-8863-4A21-B164-923598CD66A4}.Release|Any CPU.ActiveCfg = Release|Any CPU
		{86299449-8863-4A21-B164-923598CD66A4}.Release|Any CPU.Build.0 = Release|Any CPU
	EndGlobalSection
	GlobalSection(SolutionProperties) = preSolution
		HideSolutionNode = FALSE
	EndGlobalSection
	GlobalSection(ExtensibilityGlobals) = postSolution
		SolutionGuid = {CC30E7DE-2D9C-4DB0-9B2C-1D709D8FA911}
	EndGlobalSection
EndGlobal
