
Microsoft Visual Studio Solution File, Format Version 12.00
# Visual Studio Version 17
VisualStudioVersion = 17.1.32421.90
MinimumVisualStudioVersion = 10.0.40219.1
Project("{FAE04EC0-301F-11D3-BF4B-00C04F79EFBC}") = "Ejercicio Extra 2", "Ejercicio Extra 2.csproj", "{D786A85A-6BA4-4DF2-A3A7-36A258842569}"
EndProject
Global
	GlobalSection(SolutionConfigurationPlatforms) = preSolution
		Debug|Any CPU = Debug|Any CPU
		Release|Any CPU = Release|Any CPU
	EndGlobalSection
	GlobalSection(ProjectConfigurationPlatforms) = postSolution
		{D786A85A-6BA4-4DF2-A3A7-36A258842569}.Debug|Any CPU.ActiveCfg = Debug|Any CPU
		{D786A85A-6BA4-4DF2-A3A7-36A258842569}.Debug|Any CPU.Build.0 = Debug|Any CPU
		{D786A85A-6BA4-4DF2-A3A7-36A258842569}.Release|Any CPU.ActiveCfg = Release|Any CPU
		{D786A85A-6BA4-4DF2-A3A7-36A258842569}.Release|Any CPU.Build.0 = Release|Any CPU
	EndGlobalSection
	GlobalSection(SolutionProperties) = preSolution
		HideSolutionNode = FALSE
	EndGlobalSection
	GlobalSection(ExtensibilityGlobals) = postSolution
		SolutionGuid = {24CA0717-64C2-40A2-BEE5-13E36DEE9561}
	EndGlobalSection
EndGlobal
