
Microsoft Visual Studio Solution File, Format Version 12.00
# Visual Studio Version 17
VisualStudioVersion = 17.1.32421.90
MinimumVisualStudioVersion = 10.0.40219.1
Project("{FAE04EC0-301F-11D3-BF4B-00C04F79EFBC}") = "Tarea Clase 6", "Tarea Clase 6.csproj", "{36CFB273-2432-4897-8345-692E1EED9E24}"
EndProject
Global
	GlobalSection(SolutionConfigurationPlatforms) = preSolution
		Debug|Any CPU = Debug|Any CPU
		Release|Any CPU = Release|Any CPU
	EndGlobalSection
	GlobalSection(ProjectConfigurationPlatforms) = postSolution
		{36CFB273-2432-4897-8345-692E1EED9E24}.Debug|Any CPU.ActiveCfg = Debug|Any CPU
		{36CFB273-2432-4897-8345-692E1EED9E24}.Debug|Any CPU.Build.0 = Debug|Any CPU
		{36CFB273-2432-4897-8345-692E1EED9E24}.Release|Any CPU.ActiveCfg = Release|Any CPU
		{36CFB273-2432-4897-8345-692E1EED9E24}.Release|Any CPU.Build.0 = Release|Any CPU
	EndGlobalSection
	GlobalSection(SolutionProperties) = preSolution
		HideSolutionNode = FALSE
	EndGlobalSection
	GlobalSection(ExtensibilityGlobals) = postSolution
		SolutionGuid = {7EA8BF1A-B5FC-443D-A92D-70C29984AA0C}
	EndGlobalSection
EndGlobal
